// !$*UTF8*$!
{
	archiveVersion = 1;
	classes = {
	};
	objectVersion = 51;
	objects = {

/* Begin PBXBuildFile section */
		42843671F7DD432C6C78CA1A /* Pods_MotiNnect_MotiNnectUITests.framework in Frameworks */ = {isa = PBXBuildFile; fileRef = E73B5D208FB4C02576B3A01C /* Pods_MotiNnect_MotiNnectUITests.framework */; };
		5D2559133E8AFA23C9536D1A /* Pods_MotiNnect.framework in Frameworks */ = {isa = PBXBuildFile; fileRef = 53AA94FE45F5266C32430394 /* Pods_MotiNnect.framework */; };
		634442D855B3ED0F083CA46E /* Pods_MotiNnectTests.framework in Frameworks */ = {isa = PBXBuildFile; fileRef = 20223D2F8290F4D271DC0B56 /* Pods_MotiNnectTests.framework */; };
		EEE4EC1225A4A61300E1E867 /* AppDelegate.swift in Sources */ = {isa = PBXBuildFile; fileRef = EEE4EC1125A4A61300E1E867 /* AppDelegate.swift */; };
		EEE4EC1425A4A61300E1E867 /* SceneDelegate.swift in Sources */ = {isa = PBXBuildFile; fileRef = EEE4EC1325A4A61300E1E867 /* SceneDelegate.swift */; };
		EEE4EC1625A4A61300E1E867 /* ViewController.swift in Sources */ = {isa = PBXBuildFile; fileRef = EEE4EC1525A4A61300E1E867 /* ViewController.swift */; };
		EEE4EC1925A4A61300E1E867 /* Main.storyboard in Resources */ = {isa = PBXBuildFile; fileRef = EEE4EC1725A4A61300E1E867 /* Main.storyboard */; };
		EEE4EC1B25A4A61400E1E867 /* Assets.xcassets in Resources */ = {isa = PBXBuildFile; fileRef = EEE4EC1A25A4A61400E1E867 /* Assets.xcassets */; };
		EEE4EC1E25A4A61400E1E867 /* LaunchScreen.storyboard in Resources */ = {isa = PBXBuildFile; fileRef = EEE4EC1C25A4A61400E1E867 /* LaunchScreen.storyboard */; };
		EEE4EC2925A4A61400E1E867 /* MotiNnectTests.swift in Sources */ = {isa = PBXBuildFile; fileRef = EEE4EC2825A4A61400E1E867 /* MotiNnectTests.swift */; };
		EEE4EC3425A4A61400E1E867 /* MotiNnectUITests.swift in Sources */ = {isa = PBXBuildFile; fileRef = EEE4EC3325A4A61400E1E867 /* MotiNnectUITests.swift */; };
		EEE6A45125B04EDC00D78C70 /* Motinnect.swift in Sources */ = {isa = PBXBuildFile; fileRef = EEE6A45025B04EDC00D78C70 /* Motinnect.swift */; };
/* End PBXBuildFile section */

/* Begin PBXContainerItemProxy section */
		EEE4EC2525A4A61400E1E867 /* PBXContainerItemProxy */ = {
			isa = PBXContainerItemProxy;
			containerPortal = EEE4EC0625A4A61300E1E867 /* Project object */;
			proxyType = 1;
			remoteGlobalIDString = EEE4EC0D25A4A61300E1E867;
			remoteInfo = MotiNnect;
		};
		EEE4EC3025A4A61400E1E867 /* PBXContainerItemProxy */ = {
			isa = PBXContainerItemProxy;
			containerPortal = EEE4EC0625A4A61300E1E867 /* Project object */;
			proxyType = 1;
			remoteGlobalIDString = EEE4EC0D25A4A61300E1E867;
			remoteInfo = MotiNnect;
		};
/* End PBXContainerItemProxy section */

/* Begin PBXFileReference section */
		0100D5186CB80538E504F9FD /* Pods-MotiNnect-MotiNnectUITests.debug.xcconfig */ = {isa = PBXFileReference; includeInIndex = 1; lastKnownFileType = text.xcconfig; name = "Pods-MotiNnect-MotiNnectUITests.debug.xcconfig"; path = "Target Support Files/Pods-MotiNnect-MotiNnectUITests/Pods-MotiNnect-MotiNnectUITests.debug.xcconfig"; sourceTree = "<group>"; };
		20223D2F8290F4D271DC0B56 /* Pods_MotiNnectTests.framework */ = {isa = PBXFileReference; explicitFileType = wrapper.framework; includeInIndex = 0; path = Pods_MotiNnectTests.framework; sourceTree = BUILT_PRODUCTS_DIR; };
		53AA94FE45F5266C32430394 /* Pods_MotiNnect.framework */ = {isa = PBXFileReference; explicitFileType = wrapper.framework; includeInIndex = 0; path = Pods_MotiNnect.framework; sourceTree = BUILT_PRODUCTS_DIR; };
		5D9E5F1FE578571986E7F0A2 /* Pods-MotiNnect.release.xcconfig */ = {isa = PBXFileReference; includeInIndex = 1; lastKnownFileType = text.xcconfig; name = "Pods-MotiNnect.release.xcconfig"; path = "Target Support Files/Pods-MotiNnect/Pods-MotiNnect.release.xcconfig"; sourceTree = "<group>"; };
		5E4A192C9DEB68B4449C1736 /* Pods-MotiNnect.debug.xcconfig */ = {isa = PBXFileReference; includeInIndex = 1; lastKnownFileType = text.xcconfig; name = "Pods-MotiNnect.debug.xcconfig"; path = "Target Support Files/Pods-MotiNnect/Pods-MotiNnect.debug.xcconfig"; sourceTree = "<group>"; };
		A7148EC895A494E04D5B53DB /* Pods-MotiNnectTests.release.xcconfig */ = {isa = PBXFileReference; includeInIndex = 1; lastKnownFileType = text.xcconfig; name = "Pods-MotiNnectTests.release.xcconfig"; path = "Target Support Files/Pods-MotiNnectTests/Pods-MotiNnectTests.release.xcconfig"; sourceTree = "<group>"; };
		C3ED6E1DFC978C2D28A39665 /* Pods-MotiNnect-MotiNnectUITests.release.xcconfig */ = {isa = PBXFileReference; includeInIndex = 1; lastKnownFileType = text.xcconfig; name = "Pods-MotiNnect-MotiNnectUITests.release.xcconfig"; path = "Target Support Files/Pods-MotiNnect-MotiNnectUITests/Pods-MotiNnect-MotiNnectUITests.release.xcconfig"; sourceTree = "<group>"; };
		CD9B143163CCB8D1877411B2 /* Pods-MotiNnectTests.debug.xcconfig */ = {isa = PBXFileReference; includeInIndex = 1; lastKnownFileType = text.xcconfig; name = "Pods-MotiNnectTests.debug.xcconfig"; path = "Target Support Files/Pods-MotiNnectTests/Pods-MotiNnectTests.debug.xcconfig"; sourceTree = "<group>"; };
		E73B5D208FB4C02576B3A01C /* Pods_MotiNnect_MotiNnectUITests.framework */ = {isa = PBXFileReference; explicitFileType = wrapper.framework; includeInIndex = 0; path = Pods_MotiNnect_MotiNnectUITests.framework; sourceTree = BUILT_PRODUCTS_DIR; };
		EEE4EC0E25A4A61300E1E867 /* MotiNnect.app */ = {isa = PBXFileReference; explicitFileType = wrapper.application; includeInIndex = 0; path = MotiNnect.app; sourceTree = BUILT_PRODUCTS_DIR; };
		EEE4EC1125A4A61300E1E867 /* AppDelegate.swift */ = {isa = PBXFileReference; lastKnownFileType = sourcecode.swift; path = AppDelegate.swift; sourceTree = "<group>"; };
		EEE4EC1325A4A61300E1E867 /* SceneDelegate.swift */ = {isa = PBXFileReference; lastKnownFileType = sourcecode.swift; path = SceneDelegate.swift; sourceTree = "<group>"; };
		EEE4EC1525A4A61300E1E867 /* ViewController.swift */ = {isa = PBXFileReference; lastKnownFileType = sourcecode.swift; path = ViewController.swift; sourceTree = "<group>"; };
		EEE4EC1825A4A61300E1E867 /* Base */ = {isa = PBXFileReference; lastKnownFileType = file.storyboard; name = Base; path = Base.lproj/Main.storyboard; sourceTree = "<group>"; };
		EEE4EC1A25A4A61400E1E867 /* Assets.xcassets */ = {isa = PBXFileReference; lastKnownFileType = folder.assetcatalog; path = Assets.xcassets; sourceTree = "<group>"; };
		EEE4EC1D25A4A61400E1E867 /* Base */ = {isa = PBXFileReference; lastKnownFileType = file.storyboard; name = Base; path = Base.lproj/LaunchScreen.storyboard; sourceTree = "<group>"; };
		EEE4EC1F25A4A61400E1E867 /* Info.plist */ = {isa = PBXFileReference; lastKnownFileType = text.plist.xml; path = Info.plist; sourceTree = "<group>"; };
		EEE4EC2425A4A61400E1E867 /* MotiNnectTests.xctest */ = {isa = PBXFileReference; explicitFileType = wrapper.cfbundle; includeInIndex = 0; path = MotiNnectTests.xctest; sourceTree = BUILT_PRODUCTS_DIR; };
		EEE4EC2825A4A61400E1E867 /* MotiNnectTests.swift */ = {isa = PBXFileReference; lastKnownFileType = sourcecode.swift; path = MotiNnectTests.swift; sourceTree = "<group>"; };
		EEE4EC2A25A4A61400E1E867 /* Info.plist */ = {isa = PBXFileReference; lastKnownFileType = text.plist.xml; path = Info.plist; sourceTree = "<group>"; };
		EEE4EC2F25A4A61400E1E867 /* MotiNnectUITests.xctest */ = {isa = PBXFileReference; explicitFileType = wrapper.cfbundle; includeInIndex = 0; path = MotiNnectUITests.xctest; sourceTree = BUILT_PRODUCTS_DIR; };
		EEE4EC3325A4A61400E1E867 /* MotiNnectUITests.swift */ = {isa = PBXFileReference; lastKnownFileType = sourcecode.swift; path = MotiNnectUITests.swift; sourceTree = "<group>"; };
		EEE4EC3525A4A61400E1E867 /* Info.plist */ = {isa = PBXFileReference; lastKnownFileType = text.plist.xml; path = Info.plist; sourceTree = "<group>"; };
		EEE6A45025B04EDC00D78C70 /* Motinnect.swift */ = {isa = PBXFileReference; lastKnownFileType = sourcecode.swift; path = Motinnect.swift; sourceTree = "<group>"; };
/* End PBXFileReference section */

/* Begin PBXFrameworksBuildPhase section */
		EEE4EC0B25A4A61300E1E867 /* Frameworks */ = {
			isa = PBXFrameworksBuildPhase;
			buildActionMask = 2147483647;
			files = (
				5D2559133E8AFA23C9536D1A /* Pods_MotiNnect.framework in Frameworks */,
			);
			runOnlyForDeploymentPostprocessing = 0;
		};
		EEE4EC2125A4A61400E1E867 /* Frameworks */ = {
			isa = PBXFrameworksBuildPhase;
			buildActionMask = 2147483647;
			files = (
				634442D855B3ED0F083CA46E /* Pods_MotiNnectTests.framework in Frameworks */,
			);
			runOnlyForDeploymentPostprocessing = 0;
		};
		EEE4EC2C25A4A61400E1E867 /* Frameworks */ = {
			isa = PBXFrameworksBuildPhase;
			buildActionMask = 2147483647;
			files = (
				42843671F7DD432C6C78CA1A /* Pods_MotiNnect_MotiNnectUITests.framework in Frameworks */,
			);
			runOnlyForDeploymentPostprocessing = 0;
		};
/* End PBXFrameworksBuildPhase section */

/* Begin PBXGroup section */
		1B91D16A55FE313E8FAC553A /* Frameworks */ = {
			isa = PBXGroup;
			children = (
				53AA94FE45F5266C32430394 /* Pods_MotiNnect.framework */,
				E73B5D208FB4C02576B3A01C /* Pods_MotiNnect_MotiNnectUITests.framework */,
				20223D2F8290F4D271DC0B56 /* Pods_MotiNnectTests.framework */,
			);
			name = Frameworks;
			sourceTree = "<group>";
		};
		69F5F2CC1677CD276C9E11A0 /* Pods */ = {
			isa = PBXGroup;
			children = (
				5E4A192C9DEB68B4449C1736 /* Pods-MotiNnect.debug.xcconfig */,
				5D9E5F1FE578571986E7F0A2 /* Pods-MotiNnect.release.xcconfig */,
				0100D5186CB80538E504F9FD /* Pods-MotiNnect-MotiNnectUITests.debug.xcconfig */,
				C3ED6E1DFC978C2D28A39665 /* Pods-MotiNnect-MotiNnectUITests.release.xcconfig */,
				CD9B143163CCB8D1877411B2 /* Pods-MotiNnectTests.debug.xcconfig */,
				A7148EC895A494E04D5B53DB /* Pods-MotiNnectTests.release.xcconfig */,
			);
			path = Pods;
			sourceTree = "<group>";
		};
		EEE4EC0525A4A61300E1E867 = {
			isa = PBXGroup;
			children = (
				EEE4EC1025A4A61300E1E867 /* MotiNnect */,
				EEE4EC2725A4A61400E1E867 /* MotiNnectTests */,
				EEE4EC3225A4A61400E1E867 /* MotiNnectUITests */,
				EEE4EC0F25A4A61300E1E867 /* Products */,
				69F5F2CC1677CD276C9E11A0 /* Pods */,
				1B91D16A55FE313E8FAC553A /* Frameworks */,
			);
			sourceTree = "<group>";
		};
		EEE4EC0F25A4A61300E1E867 /* Products */ = {
			isa = PBXGroup;
			children = (
				EEE4EC0E25A4A61300E1E867 /* MotiNnect.app */,
				EEE4EC2425A4A61400E1E867 /* MotiNnectTests.xctest */,
				EEE4EC2F25A4A61400E1E867 /* MotiNnectUITests.xctest */,
			);
			name = Products;
			sourceTree = "<group>";
		};
		EEE4EC1025A4A61300E1E867 /* MotiNnect */ = {
			isa = PBXGroup;
			children = (
				EEE4EC1125A4A61300E1E867 /* AppDelegate.swift */,
				EEE4EC1325A4A61300E1E867 /* SceneDelegate.swift */,
				EEE4EC1525A4A61300E1E867 /* ViewController.swift */,
				EEE6A45025B04EDC00D78C70 /* Motinnect.swift */,
				EEE4EC1725A4A61300E1E867 /* Main.storyboard */,
				EEE4EC1A25A4A61400E1E867 /* Assets.xcassets */,
				EEE4EC1C25A4A61400E1E867 /* LaunchScreen.storyboard */,
				EEE4EC1F25A4A61400E1E867 /* Info.plist */,
			);
			path = MotiNnect;
			sourceTree = "<group>";
		};
		EEE4EC2725A4A61400E1E867 /* MotiNnectTests */ = {
			isa = PBXGroup;
			children = (
				EEE4EC2825A4A61400E1E867 /* MotiNnectTests.swift */,
				EEE4EC2A25A4A61400E1E867 /* Info.plist */,
			);
			path = MotiNnectTests;
			sourceTree = "<group>";
		};
		EEE4EC3225A4A61400E1E867 /* MotiNnectUITests */ = {
			isa = PBXGroup;
			children = (
				EEE4EC3325A4A61400E1E867 /* MotiNnectUITests.swift */,
				EEE4EC3525A4A61400E1E867 /* Info.plist */,
			);
			path = MotiNnectUITests;
			sourceTree = "<group>";
		};
/* End PBXGroup section */

/* Begin PBXNativeTarget section */
		EEE4EC0D25A4A61300E1E867 /* MotiNnect */ = {
			isa = PBXNativeTarget;
			buildConfigurationList = EEE4EC3825A4A61400E1E867 /* Build configuration list for PBXNativeTarget "MotiNnect" */;
			buildPhases = (
				E4885B48552B3DA3250087B5 /* [CP] Check Pods Manifest.lock */,
				EEE4EC0A25A4A61300E1E867 /* Sources */,
				EEE4EC0B25A4A61300E1E867 /* Frameworks */,
				EEE4EC0C25A4A61300E1E867 /* Resources */,
				B9BC0D3AEFAD67F5BE542284 /* [CP] Embed Pods Frameworks */,
			);
			buildRules = (
			);
			dependencies = (
			);
			name = MotiNnect;
			productName = MotiNnect;
			productReference = EEE4EC0E25A4A61300E1E867 /* MotiNnect.app */;
			productType = "com.apple.product-type.application";
		};
		EEE4EC2325A4A61400E1E867 /* MotiNnectTests */ = {
			isa = PBXNativeTarget;
			buildConfigurationList = EEE4EC3B25A4A61400E1E867 /* Build configuration list for PBXNativeTarget "MotiNnectTests" */;
			buildPhases = (
				531AFFE3564E55E4986AD773 /* [CP] Check Pods Manifest.lock */,
				EEE4EC2025A4A61400E1E867 /* Sources */,
				EEE4EC2125A4A61400E1E867 /* Frameworks */,
				EEE4EC2225A4A61400E1E867 /* Resources */,
			);
			buildRules = (
			);
			dependencies = (
				EEE4EC2625A4A61400E1E867 /* PBXTargetDependency */,
			);
			name = MotiNnectTests;
			productName = MotiNnectTests;
			productReference = EEE4EC2425A4A61400E1E867 /* MotiNnectTests.xctest */;
			productType = "com.apple.product-type.bundle.unit-test";
		};
		EEE4EC2E25A4A61400E1E867 /* MotiNnectUITests */ = {
			isa = PBXNativeTarget;
			buildConfigurationList = EEE4EC3E25A4A61400E1E867 /* Build configuration list for PBXNativeTarget "MotiNnectUITests" */;
			buildPhases = (
				1C95C2A88AF90DE4ECA54D5F /* [CP] Check Pods Manifest.lock */,
				EEE4EC2B25A4A61400E1E867 /* Sources */,
				EEE4EC2C25A4A61400E1E867 /* Frameworks */,
				EEE4EC2D25A4A61400E1E867 /* Resources */,
				ED7506C704543032C1B766A7 /* [CP] Embed Pods Frameworks */,
			);
			buildRules = (
			);
			dependencies = (
				EEE4EC3125A4A61400E1E867 /* PBXTargetDependency */,
			);
			name = MotiNnectUITests;
			productName = MotiNnectUITests;
			productReference = EEE4EC2F25A4A61400E1E867 /* MotiNnectUITests.xctest */;
			productType = "com.apple.product-type.bundle.ui-testing";
		};
/* End PBXNativeTarget section */

/* Begin PBXProject section */
		EEE4EC0625A4A61300E1E867 /* Project object */ = {
			isa = PBXProject;
			attributes = {
				LastSwiftUpdateCheck = 1220;
				LastUpgradeCheck = 1220;
				TargetAttributes = {
					EEE4EC0D25A4A61300E1E867 = {
						CreatedOnToolsVersion = 12.2;
					};
					EEE4EC2325A4A61400E1E867 = {
						CreatedOnToolsVersion = 12.2;
						TestTargetID = EEE4EC0D25A4A61300E1E867;
					};
					EEE4EC2E25A4A61400E1E867 = {
						CreatedOnToolsVersion = 12.2;
						TestTargetID = EEE4EC0D25A4A61300E1E867;
					};
				};
			};
			buildConfigurationList = EEE4EC0925A4A61300E1E867 /* Build configuration list for PBXProject "MotiNnect" */;
			compatibilityVersion = "Xcode 9.3";
			developmentRegion = en;
			hasScannedForEncodings = 0;
			knownRegions = (
				en,
				Base,
			);
			mainGroup = EEE4EC0525A4A61300E1E867;
			productRefGroup = EEE4EC0F25A4A61300E1E867 /* Products */;
			projectDirPath = "";
			projectRoot = "";
			targets = (
				EEE4EC0D25A4A61300E1E867 /* MotiNnect */,
				EEE4EC2325A4A61400E1E867 /* MotiNnectTests */,
				EEE4EC2E25A4A61400E1E867 /* MotiNnectUITests */,
			);
		};
/* End PBXProject section */

/* Begin PBXResourcesBuildPhase section */
		EEE4EC0C25A4A61300E1E867 /* Resources */ = {
			isa = PBXResourcesBuildPhase;
			buildActionMask = 2147483647;
			files = (
				EEE4EC1E25A4A61400E1E867 /* LaunchScreen.storyboard in Resources */,
				EEE4EC1B25A4A61400E1E867 /* Assets.xcassets in Resources */,
				EEE4EC1925A4A61300E1E867 /* Main.storyboard in Resources */,
			);
			runOnlyForDeploymentPostprocessing = 0;
		};
		EEE4EC2225A4A61400E1E867 /* Resources */ = {
			isa = PBXResourcesBuildPhase;
			buildActionMask = 2147483647;
			files = (
			);
			runOnlyForDeploymentPostprocessing = 0;
		};
		EEE4EC2D25A4A61400E1E867 /* Resources */ = {
			isa = PBXResourcesBuildPhase;
			buildActionMask = 2147483647;
			files = (
			);
			runOnlyForDeploymentPostprocessing = 0;
		};
/* End PBXResourcesBuildPhase section */

/* Begin PBXShellScriptBuildPhase section */
		1C95C2A88AF90DE4ECA54D5F /* [CP] Check Pods Manifest.lock */ = {
			isa = PBXShellScriptBuildPhase;
			buildActionMask = 2147483647;
			files = (
			);
			inputFileListPaths = (
			);
			inputPaths = (
				"${PODS_PODFILE_DIR_PATH}/Podfile.lock",
				"${PODS_ROOT}/Manifest.lock",
			);
			name = "[CP] Check Pods Manifest.lock";
			outputFileListPaths = (
			);
			outputPaths = (
				"$(DERIVED_FILE_DIR)/Pods-MotiNnect-MotiNnectUITests-checkManifestLockResult.txt",
			);
			runOnlyForDeploymentPostprocessing = 0;
			shellPath = /bin/sh;
			shellScript = "diff \"${PODS_PODFILE_DIR_PATH}/Podfile.lock\" \"${PODS_ROOT}/Manifest.lock\" > /dev/null\nif [ $? != 0 ] ; then\n    # print error to STDERR\n    echo \"error: The sandbox is not in sync with the Podfile.lock. Run 'pod install' or update your CocoaPods installation.\" >&2\n    exit 1\nfi\n# This output is used by Xcode 'outputs' to avoid re-running this script phase.\necho \"SUCCESS\" > \"${SCRIPT_OUTPUT_FILE_0}\"\n";
			showEnvVarsInLog = 0;
		};
		531AFFE3564E55E4986AD773 /* [CP] Check Pods Manifest.lock */ = {
			isa = PBXShellScriptBuildPhase;
			buildActionMask = 2147483647;
			files = (
			);
			inputFileListPaths = (
			);
			inputPaths = (
				"${PODS_PODFILE_DIR_PATH}/Podfile.lock",
				"${PODS_ROOT}/Manifest.lock",
			);
			name = "[CP] Check Pods Manifest.lock";
			outputFileListPaths = (
			);
			outputPaths = (
				"$(DERIVED_FILE_DIR)/Pods-MotiNnectTests-checkManifestLockResult.txt",
			);
			runOnlyForDeploymentPostprocessing = 0;
			shellPath = /bin/sh;
			shellScript = "diff \"${PODS_PODFILE_DIR_PATH}/Podfile.lock\" \"${PODS_ROOT}/Manifest.lock\" > /dev/null\nif [ $? != 0 ] ; then\n    # print error to STDERR\n    echo \"error: The sandbox is not in sync with the Podfile.lock. Run 'pod install' or update your CocoaPods installation.\" >&2\n    exit 1\nfi\n# This output is used by Xcode 'outputs' to avoid re-running this script phase.\necho \"SUCCESS\" > \"${SCRIPT_OUTPUT_FILE_0}\"\n";
			showEnvVarsInLog = 0;
		};
		B9BC0D3AEFAD67F5BE542284 /* [CP] Embed Pods Frameworks */ = {
			isa = PBXShellScriptBuildPhase;
			buildActionMask = 2147483647;
			files = (
			);
			inputFileListPaths = (
				"${PODS_ROOT}/Target Support Files/Pods-MotiNnect/Pods-MotiNnect-frameworks-${CONFIGURATION}-input-files.xcfilelist",
			);
			name = "[CP] Embed Pods Frameworks";
			outputFileListPaths = (
				"${PODS_ROOT}/Target Support Files/Pods-MotiNnect/Pods-MotiNnect-frameworks-${CONFIGURATION}-output-files.xcfilelist",
			);
			runOnlyForDeploymentPostprocessing = 0;
			shellPath = /bin/sh;
			shellScript = "\"${PODS_ROOT}/Target Support Files/Pods-MotiNnect/Pods-MotiNnect-frameworks.sh\"\n";
			showEnvVarsInLog = 0;
		};
		E4885B48552B3DA3250087B5 /* [CP] Check Pods Manifest.lock */ = {
			isa = PBXShellScriptBuildPhase;
			buildActionMask = 2147483647;
			files = (
			);
			inputFileListPaths = (
			);
			inputPaths = (
				"${PODS_PODFILE_DIR_PATH}/Podfile.lock",
				"${PODS_ROOT}/Manifest.lock",
			);
			name = "[CP] Check Pods Manifest.lock";
			outputFileListPaths = (
			);
			outputPaths = (
				"$(DERIVED_FILE_DIR)/Pods-MotiNnect-checkManifestLockResult.txt",
			);
			runOnlyForDeploymentPostprocessing = 0;
			shellPath = /bin/sh;
			shellScript = "diff \"${PODS_PODFILE_DIR_PATH}/Podfile.lock\" \"${PODS_ROOT}/Manifest.lock\" > /dev/null\nif [ $? != 0 ] ; then\n    # print error to STDERR\n    echo \"error: The sandbox is not in sync with the Podfile.lock. Run 'pod install' or update your CocoaPods installation.\" >&2\n    exit 1\nfi\n# This output is used by Xcode 'outputs' to avoid re-running this script phase.\necho \"SUCCESS\" > \"${SCRIPT_OUTPUT_FILE_0}\"\n";
			showEnvVarsInLog = 0;
		};
		ED7506C704543032C1B766A7 /* [CP] Embed Pods Frameworks */ = {
			isa = PBXShellScriptBuildPhase;
			buildActionMask = 2147483647;
			files = (
			);
			inputFileListPaths = (
				"${PODS_ROOT}/Target Support Files/Pods-MotiNnect-MotiNnectUITests/Pods-MotiNnect-MotiNnectUITests-frameworks-${CONFIGURATION}-input-files.xcfilelist",
			);
			name = "[CP] Embed Pods Frameworks";
			outputFileListPaths = (
				"${PODS_ROOT}/Target Support Files/Pods-MotiNnect-MotiNnectUITests/Pods-MotiNnect-MotiNnectUITests-frameworks-${CONFIGURATION}-output-files.xcfilelist",
			);
			runOnlyForDeploymentPostprocessing = 0;
			shellPath = /bin/sh;
			shellScript = "\"${PODS_ROOT}/Target Support Files/Pods-MotiNnect-MotiNnectUITests/Pods-MotiNnect-MotiNnectUITests-frameworks.sh\"\n";
			showEnvVarsInLog = 0;
		};
/* End PBXShellScriptBuildPhase section */

/* Begin PBXSourcesBuildPhase section */
		EEE4EC0A25A4A61300E1E867 /* Sources */ = {
			isa = PBXSourcesBuildPhase;
			buildActionMask = 2147483647;
			files = (
				EEE4EC1625A4A61300E1E867 /* ViewController.swift in Sources */,
				EEE4EC1225A4A61300E1E867 /* AppDelegate.swift in Sources */,
				EEE4EC1425A4A61300E1E867 /* SceneDelegate.swift in Sources */,
				EEE6A45125B04EDC00D78C70 /* Motinnect.swift in Sources */,
			);
			runOnlyForDeploymentPostprocessing = 0;
		};
		EEE4EC2025A4A61400E1E867 /* Sources */ = {
			isa = PBXSourcesBuildPhase;
			buildActionMask = 2147483647;
			files = (
				EEE4EC2925A4A61400E1E867 /* MotiNnectTests.swift in Sources */,
			);
			runOnlyForDeploymentPostprocessing = 0;
		};
		EEE4EC2B25A4A61400E1E867 /* Sources */ = {
			isa = PBXSourcesBuildPhase;
			buildActionMask = 2147483647;
			files = (
				EEE4EC3425A4A61400E1E867 /* MotiNnectUITests.swift in Sources */,
			);
			runOnlyForDeploymentPostprocessing = 0;
		};
/* End PBXSourcesBuildPhase section */

/* Begin PBXTargetDependency section */
		EEE4EC2625A4A61400E1E867 /* PBXTargetDependency */ = {
			isa = PBXTargetDependency;
			target = EEE4EC0D25A4A61300E1E867 /* MotiNnect */;
			targetProxy = EEE4EC2525A4A61400E1E867 /* PBXContainerItemProxy */;
		};
		EEE4EC3125A4A61400E1E867 /* PBXTargetDependency */ = {
			isa = PBXTargetDependency;
			target = EEE4EC0D25A4A61300E1E867 /* MotiNnect */;
			targetProxy = EEE4EC3025A4A61400E1E867 /* PBXContainerItemProxy */;
		};
/* End PBXTargetDependency section */

/* Begin PBXVariantGroup section */
		EEE4EC1725A4A61300E1E867 /* Main.storyboard */ = {
			isa = PBXVariantGroup;
			children = (
				EEE4EC1825A4A61300E1E867 /* Base */,
			);
			name = Main.storyboard;
			sourceTree = "<group>";
		};
		EEE4EC1C25A4A61400E1E867 /* LaunchScreen.storyboard */ = {
			isa = PBXVariantGroup;
			children = (
				EEE4EC1D25A4A61400E1E867 /* Base */,
			);
			name = LaunchScreen.storyboard;
			sourceTree = "<group>";
		};
/* End PBXVariantGroup section */

/* Begin XCBuildConfiguration section */
		EEE4EC3625A4A61400E1E867 /* Debug */ = {
			isa = XCBuildConfiguration;
			buildSettings = {
				ALWAYS_SEARCH_USER_PATHS = NO;
				CLANG_ANALYZER_NONNULL = YES;
				CLANG_ANALYZER_NUMBER_OBJECT_CONVERSION = YES_AGGRESSIVE;
				CLANG_CXX_LANGUAGE_STANDARD = "gnu++14";
				CLANG_CXX_LIBRARY = "libc++";
				CLANG_ENABLE_MODULES = YES;
				CLANG_ENABLE_OBJC_ARC = YES;
				CLANG_ENABLE_OBJC_WEAK = YES;
				CLANG_WARN_BLOCK_CAPTURE_AUTORELEASING = YES;
				CLANG_WARN_BOOL_CONVERSION = YES;
				CLANG_WARN_COMMA = YES;
				CLANG_WARN_CONSTANT_CONVERSION = YES;
				CLANG_WARN_DEPRECATED_OBJC_IMPLEMENTATIONS = YES;
				CLANG_WARN_DIRECT_OBJC_ISA_USAGE = YES_ERROR;
				CLANG_WARN_DOCUMENTATION_COMMENTS = YES;
				CLANG_WARN_EMPTY_BODY = YES;
				CLANG_WARN_ENUM_CONVERSION = YES;
				CLANG_WARN_INFINITE_RECURSION = YES;
				CLANG_WARN_INT_CONVERSION = YES;
				CLANG_WARN_NON_LITERAL_NULL_CONVERSION = YES;
				CLANG_WARN_OBJC_IMPLICIT_RETAIN_SELF = YES;
				CLANG_WARN_OBJC_LITERAL_CONVERSION = YES;
				CLANG_WARN_OBJC_ROOT_CLASS = YES_ERROR;
				CLANG_WARN_QUOTED_INCLUDE_IN_FRAMEWORK_HEADER = YES;
				CLANG_WARN_RANGE_LOOP_ANALYSIS = YES;
				CLANG_WARN_STRICT_PROTOTYPES = YES;
				CLANG_WARN_SUSPICIOUS_MOVE = YES;
				CLANG_WARN_UNGUARDED_AVAILABILITY = YES_AGGRESSIVE;
				CLANG_WARN_UNREACHABLE_CODE = YES;
				CLANG_WARN__DUPLICATE_METHOD_MATCH = YES;
				COPY_PHASE_STRIP = NO;
				DEBUG_INFORMATION_FORMAT = dwarf;
				ENABLE_STRICT_OBJC_MSGSEND = YES;
				ENABLE_TESTABILITY = YES;
				GCC_C_LANGUAGE_STANDARD = gnu11;
				GCC_DYNAMIC_NO_PIC = NO;
				GCC_NO_COMMON_BLOCKS = YES;
				GCC_OPTIMIZATION_LEVEL = 0;
				GCC_PREPROCESSOR_DEFINITIONS = (
					"DEBUG=1",
					"$(inherited)",
				);
				GCC_WARN_64_TO_32_BIT_CONVERSION = YES;
				GCC_WARN_ABOUT_RETURN_TYPE = YES_ERROR;
				GCC_WARN_UNDECLARED_SELECTOR = YES;
				GCC_WARN_UNINITIALIZED_AUTOS = YES_AGGRESSIVE;
				GCC_WARN_UNUSED_FUNCTION = YES;
				GCC_WARN_UNUSED_VARIABLE = YES;
				IPHONEOS_DEPLOYMENT_TARGET = 14.2;
				MTL_ENABLE_DEBUG_INFO = INCLUDE_SOURCE;
				MTL_FAST_MATH = YES;
				ONLY_ACTIVE_ARCH = YES;
				SDKROOT = iphoneos;
				SWIFT_ACTIVE_COMPILATION_CONDITIONS = DEBUG;
				SWIFT_OPTIMIZATION_LEVEL = "-Onone";
			};
			name = Debug;
		};
		EEE4EC3725A4A61400E1E867 /* Release */ = {
			isa = XCBuildConfiguration;
			buildSettings = {
				ALWAYS_SEARCH_USER_PATHS = NO;
				CLANG_ANALYZER_NONNULL = YES;
				CLANG_ANALYZER_NUMBER_OBJECT_CONVERSION = YES_AGGRESSIVE;
				CLANG_CXX_LANGUAGE_STANDARD = "gnu++14";
				CLANG_CXX_LIBRARY = "libc++";
				CLANG_ENABLE_MODULES = YES;
				CLANG_ENABLE_OBJC_ARC = YES;
				CLANG_ENABLE_OBJC_WEAK = YES;
				CLANG_WARN_BLOCK_CAPTURE_AUTORELEASING = YES;
				CLANG_WARN_BOOL_CONVERSION = YES;
				CLANG_WARN_COMMA = YES;
				CLANG_WARN_CONSTANT_CONVERSION = YES;
				CLANG_WARN_DEPRECATED_OBJC_IMPLEMENTATIONS = YES;
				CLANG_WARN_DIRECT_OBJC_ISA_USAGE = YES_ERROR;
				CLANG_WARN_DOCUMENTATION_COMMENTS = YES;
				CLANG_WARN_EMPTY_BODY = YES;
				CLANG_WARN_ENUM_CONVERSION = YES;
				CLANG_WARN_INFINITE_RECURSION = YES;
				CLANG_WARN_INT_CONVERSION = YES;
				CLANG_WARN_NON_LITERAL_NULL_CONVERSION = YES;
				CLANG_WARN_OBJC_IMPLICIT_RETAIN_SELF = YES;
				CLANG_WARN_OBJC_LITERAL_CONVERSION = YES;
				CLANG_WARN_OBJC_ROOT_CLASS = YES_ERROR;
				CLANG_WARN_QUOTED_INCLUDE_IN_FRAMEWORK_HEADER = YES;
				CLANG_WARN_RANGE_LOOP_ANALYSIS = YES;
				CLANG_WARN_STRICT_PROTOTYPES = YES;
				CLANG_WARN_SUSPICIOUS_MOVE = YES;
				CLANG_WARN_UNGUARDED_AVAILABILITY = YES_AGGRESSIVE;
				CLANG_WARN_UNREACHABLE_CODE = YES;
				CLANG_WARN__DUPLICATE_METHOD_MATCH = YES;
				COPY_PHASE_STRIP = NO;
				DEBUG_INFORMATION_FORMAT = "dwarf-with-dsym";
				ENABLE_NS_ASSERTIONS = NO;
				ENABLE_STRICT_OBJC_MSGSEND = YES;
				GCC_C_LANGUAGE_STANDARD = gnu11;
				GCC_NO_COMMON_BLOCKS = YES;
				GCC_WARN_64_TO_32_BIT_CONVERSION = YES;
				GCC_WARN_ABOUT_RETURN_TYPE = YES_ERROR;
				GCC_WARN_UNDECLARED_SELECTOR = YES;
				GCC_WARN_UNINITIALIZED_AUTOS = YES_AGGRESSIVE;
				GCC_WARN_UNUSED_FUNCTION = YES;
				GCC_WARN_UNUSED_VARIABLE = YES;
				IPHONEOS_DEPLOYMENT_TARGET = 14.2;
				MTL_ENABLE_DEBUG_INFO = NO;
				MTL_FAST_MATH = YES;
				SDKROOT = iphoneos;
				SWIFT_COMPILATION_MODE = wholemodule;
				SWIFT_OPTIMIZATION_LEVEL = "-O";
				VALIDATE_PRODUCT = YES;
			};
			name = Release;
		};
		EEE4EC3925A4A61400E1E867 /* Debug */ = {
			isa = XCBuildConfiguration;
			baseConfigurationReference = 5E4A192C9DEB68B4449C1736 /* Pods-MotiNnect.debug.xcconfig */;
			buildSettings = {
				ASSETCATALOG_COMPILER_APPICON_NAME = AppIcon;
				ASSETCATALOG_COMPILER_GLOBAL_ACCENT_COLOR_NAME = AccentColor;
				CODE_SIGN_STYLE = Automatic;
				INFOPLIST_FILE = MotiNnect/Info.plist;
				LD_RUNPATH_SEARCH_PATHS = (
					"$(inherited)",
					"@executable_path/Frameworks",
				);
				PRODUCT_BUNDLE_IDENTIFIER = mrunzap.MotiNnect;
				PRODUCT_NAME = "$(TARGET_NAME)";
				SWIFT_VERSION = 5.0;
				TARGETED_DEVICE_FAMILY = "1,2";
			};
			name = Debug;
		};
		EEE4EC3A25A4A61400E1E867 /* Release */ = {
			isa = XCBuildConfiguration;
			baseConfigurationReference = 5D9E5F1FE578571986E7F0A2 /* Pods-MotiNnect.release.xcconfig */;
			buildSettings = {
				ASSETCATALOG_COMPILER_APPICON_NAME = AppIcon;
				ASSETCATALOG_COMPILER_GLOBAL_ACCENT_COLOR_NAME = AccentColor;
				CODE_SIGN_STYLE = Automatic;
				INFOPLIST_FILE = MotiNnect/Info.plist;
				LD_RUNPATH_SEARCH_PATHS = (
					"$(inherited)",
					"@executable_path/Frameworks",
				);
				PRODUCT_BUNDLE_IDENTIFIER = mrunzap.MotiNnect;
				PRODUCT_NAME = "$(TARGET_NAME)";
				SWIFT_VERSION = 5.0;
				TARGETED_DEVICE_FAMILY = "1,2";
			};
			name = Release;
		};
		EEE4EC3C25A4A61400E1E867 /* Debug */ = {
			isa = XCBuildConfiguration;
			baseConfigurationReference = CD9B143163CCB8D1877411B2 /* Pods-MotiNnectTests.debug.xcconfig */;
			buildSettings = {
				ALWAYS_EMBED_SWIFT_STANDARD_LIBRARIES = YES;
				BUNDLE_LOADER = "$(TEST_HOST)";
				CODE_SIGN_STYLE = Automatic;
				INFOPLIST_FILE = MotiNnectTests/Info.plist;
				IPHONEOS_DEPLOYMENT_TARGET = 14.2;
				LD_RUNPATH_SEARCH_PATHS = (
					"$(inherited)",
					"@executable_path/Frameworks",
					"@loader_path/Frameworks",
				);
				PRODUCT_BUNDLE_IDENTIFIER = mrunzap.MotiNnectTests;
				PRODUCT_NAME = "$(TARGET_NAME)";
				SWIFT_VERSION = 5.0;
				TARGETED_DEVICE_FAMILY = "1,2";
				TEST_HOST = "$(BUILT_PRODUCTS_DIR)/MotiNnect.app/MotiNnect";
			};
			name = Debug;
		};
		EEE4EC3D25A4A61400E1E867 /* Release */ = {
			isa = XCBuildConfiguration;
			baseConfigurationReference = A7148EC895A494E04D5B53DB /* Pods-MotiNnectTests.release.xcconfig */;
			buildSettings = {
				ALWAYS_EMBED_SWIFT_STANDARD_LIBRARIES = YES;
				BUNDLE_LOADER = "$(TEST_HOST)";
				CODE_SIGN_STYLE = Automatic;
				INFOPLIST_FILE = MotiNnectTests/Info.plist;
				IPHONEOS_DEPLOYMENT_TARGET = 14.2;
				LD_RUNPATH_SEARCH_PATHS = (
					"$(inherited)",
					"@executable_path/Frameworks",
					"@loader_path/Frameworks",
				);
				PRODUCT_BUNDLE_IDENTIFIER = mrunzap.MotiNnectTests;
				PRODUCT_NAME = "$(TARGET_NAME)";
				SWIFT_VERSION = 5.0;
				TARGETED_DEVICE_FAMILY = "1,2";
				TEST_HOST = "$(BUILT_PRODUCTS_DIR)/MotiNnect.app/MotiNnect";
			};
			name = Release;
		};
		EEE4EC3F25A4A61400E1E867 /* Debug */ = {
			isa = XCBuildConfiguration;
			baseConfigurationReference = 0100D5186CB80538E504F9FD /* Pods-MotiNnect-MotiNnectUITests.debug.xcconfig */;
			buildSettings = {
				ALWAYS_EMBED_SWIFT_STANDARD_LIBRARIES = YES;
				CODE_SIGN_STYLE = Automatic;
				INFOPLIST_FILE = MotiNnectUITests/Info.plist;
				LD_RUNPATH_SEARCH_PATHS = (
					"$(inherited)",
					"@executable_path/Frameworks",
					"@loader_path/Frameworks",
				);
				PRODUCT_BUNDLE_IDENTIFIER = mrunzap.MotiNnectUITests;
				PRODUCT_NAME = "$(TARGET_NAME)";
				SWIFT_VERSION = 5.0;
				TARGETED_DEVICE_FAMILY = "1,2";
				TEST_TARGET_NAME = MotiNnect;
			};
			name = Debug;
		};
		EEE4EC4025A4A61400E1E867 /* Release */ = {
			isa = XCBuildConfiguration;
			baseConfigurationReference = C3ED6E1DFC978C2D28A39665 /* Pods-MotiNnect-MotiNnectUITests.release.xcconfig */;
			buildSettings = {
				ALWAYS_EMBED_SWIFT_STANDARD_LIBRARIES = YES;
				CODE_SIGN_STYLE = Automatic;
				INFOPLIST_FILE = MotiNnectUITests/Info.plist;
				LD_RUNPATH_SEARCH_PATHS = (
					"$(inherited)",
					"@executable_path/Frameworks",
					"@loader_path/Frameworks",
				);
				PRODUCT_BUNDLE_IDENTIFIER = mrunzap.MotiNnectUITests;
				PRODUCT_NAME = "$(TARGET_NAME)";
				SWIFT_VERSION = 5.0;
				TARGETED_DEVICE_FAMILY = "1,2";
				TEST_TARGET_NAME = MotiNnect;
			};
			name = Release;
		};
/* End XCBuildConfiguration section */

/* Begin XCConfigurationList section */
		EEE4EC0925A4A61300E1E867 /* Build configuration list for PBXProject "MotiNnect" */ = {
			isa = XCConfigurationList;
			buildConfigurations = (
				EEE4EC3625A4A61400E1E867 /* Debug */,
				EEE4EC3725A4A61400E1E867 /* Release */,
			);
			defaultConfigurationIsVisible = 0;
			defaultConfigurationName = Release;
		};
		EEE4EC3825A4A61400E1E867 /* Build configuration list for PBXNativeTarget "MotiNnect" */ = {
			isa = XCConfigurationList;
			buildConfigurations = (
				EEE4EC3925A4A61400E1E867 /* Debug */,
				EEE4EC3A25A4A61400E1E867 /* Release */,
			);
			defaultConfigurationIsVisible = 0;
			defaultConfigurationName = Release;
		};
		EEE4EC3B25A4A61400E1E867 /* Build configuration list for PBXNativeTarget "MotiNnectTests" */ = {
			isa = XCConfigurationList;
			buildConfigurations = (
				EEE4EC3C25A4A61400E1E867 /* Debug */,
				EEE4EC3D25A4A61400E1E867 /* Release */,
			);
			defaultConfigurationIsVisible = 0;
			defaultConfigurationName = Release;
		};
		EEE4EC3E25A4A61400E1E867 /* Build configuration list for PBXNativeTarget "MotiNnectUITests" */ = {
			isa = XCConfigurationList;
			buildConfigurations = (
				EEE4EC3F25A4A61400E1E867 /* Debug */,
				EEE4EC4025A4A61400E1E867 /* Release */,
			);
			defaultConfigurationIsVisible = 0;
			defaultConfigurationName = Release;
		};
/* End XCConfigurationList section */
	};
	rootObject = EEE4EC0625A4A61300E1E867 /* Project object */;
}
